
Microsoft Visual Studio Solution File, Format Version 12.00
# Visual Studio 2012
Project("{FAE04EC0-301F-11D3-BF4B-00C04F79EFBC}") = "RebusWebExample", "RebusWebExample\RebusWebExample.csproj", "{C12D6F20-045B-4987-889A-DF1ABB49D756}"
EndProject
Project("{2150E333-8FDC-42A3-9474-1A3956D46DE8}") = ".nuget", ".nuget", "{EB401881-0D5A-4065-AA83-6FE12687ADB3}"
	ProjectSection(SolutionItems) = preProject
		.nuget\NuGet.Config = .nuget\NuGet.Config
		.nuget\NuGet.exe = .nuget\NuGet.exe
		.nuget\NuGet.targets = .nuget\NuGet.targets
	EndProjectSection
EndProject
Global
	GlobalSection(SolutionConfigurationPlatforms) = preSolution
		Debug|Any CPU = Debug|Any CPU
		Release|Any CPU = Release|Any CPU
	EndGlobalSection
	GlobalSection(ProjectConfigurationPlatforms) = postSolution
		{C12D6F20-045B-4987-889A-DF1ABB49D756}.Debug|Any CPU.ActiveCfg = Debug|Any CPU
		{C12D6F20-045B-4987-889A-DF1ABB49D756}.Debug|Any CPU.Build.0 = Debug|Any CPU
		{C12D6F20-045B-4987-889A-DF1ABB49D756}.Release|Any CPU.ActiveCfg = Release|Any CPU
		{C12D6F20-045B-4987-889A-DF1ABB49D756}.Release|Any CPU.Build.0 = Release|Any CPU
	EndGlobalSection
	GlobalSection(SolutionProperties) = preSolution
		HideSolutionNode = FALSE
	EndGlobalSection
EndGlobal
